PODS:
  - RichTextEditor_Swift (0.0.1)

DEPENDENCIES:
  - RichTextEditor_Swift (from `../`)

EXTERNAL SOURCES:
  RichTextEditor_Swift:
    :path: "../"

SPEC CHECKSUMS:
  RichTextEditor_Swift: 8caafb8cbfeeeb5642655924e79591752c230b7d

PODFILE CHECKSUM: 80b766d421270f1f872163e81d690d1911c67f56

COCOAPODS: 1.0.1
